# THIS IS AN AUTOGENERATED FILE. DO NOT EDIT THIS FILE DIRECTLY.
# yarn lockfile v1
balanced-match@^0.4.1:
  version "0.4.2"
  resolved "https://registry.yarnpkg.com/balanced-match/-/balanced-match-0.4.2.tgz#cb3f3e3c732dc0f01ee70b403f302e61d7709838"

blessed@0.1.81:
  version "0.1.81"
  resolved "https://registry.yarnpkg.com/blessed/-/blessed-0.1.81.tgz#f962d687ec2c369570ae71af843256e6d0ca1129"

brace-expansion@^1.0.0:
  version "1.1.6"
  resolved "https://registry.yarnpkg.com/brace-expansion/-/brace-expansion-1.1.6.tgz#7197d7eaa9b87e648390ea61fc66c84427420df9"
  dependencies:
    balanced-match "^0.4.1"
    concat-map "0.0.1"

commander@2.7.1:
  version "2.7.1"
  resolved "https://registry.yarnpkg.com/commander/-/commander-2.7.1.tgz#5d419a2bbed2c32ee3e4dca9bb45ab83ecc3065a"
  dependencies:
    graceful-readlink ">= 1.0.0"

concat-map@0.0.1:
  version "0.0.1"
  resolved "https://registry.yarnpkg.com/concat-map/-/concat-map-0.0.1.tgz#d8a96bd77fd68df7793a73036a3ba0d5405d477b"

drawille@1.0.0:
  version "1.0.0"
  resolved "https://registry.yarnpkg.com/drawille/-/drawille-1.0.0.tgz#65b6f643af2e38bf62439dd3863af8a0b0a27333"

glob@5.0.2:
  version "5.0.2"
  resolved "https://registry.yarnpkg.com/glob/-/glob-5.0.2.tgz#78ac7605fae5e739677af57bee0483269ff641c4"
  dependencies:
    inflight "^1.0.4"
    inherits "2"
    minimatch "^2.0.1"
    once "^1.3.0"

"graceful-readlink@>= 1.0.0":
  version "1.0.1"
  resolved "https://registry.yarnpkg.com/graceful-readlink/-/graceful-readlink-1.0.1.tgz#4cafad76bc62f02fa039b2f94e9a3dd3a391a725"

inflight@^1.0.4:
  version "1.0.6"
  resolved "https://registry.yarnpkg.com/inflight/-/inflight-1.0.6.tgz#49bd6331d7d02d0c09bc910a1075ba8165b56df9"
  dependencies:
    once "^1.3.0"
    wrappy "1"

inherits@2:
  version "2.0.3"
  resolved "https://registry.yarnpkg.com/inherits/-/inherits-2.0.3.tgz#633c2c83e3da42a502f52466022480f4208261de"

inpath@~1.0.2:
  version "1.0.2"
  resolved "https://registry.yarnpkg.com/inpath/-/inpath-1.0.2.tgz#4ac219710ec7a72f460ff94bf424dd3ef0e52817"

minimatch@^2.0.1:
  version "2.0.10"
  resolved "https://registry.yarnpkg.com/minimatch/-/minimatch-2.0.10.tgz#8d087c39c6b38c001b97fca7ce6d0e1e80afbac7"
  dependencies:
    brace-expansion "^1.0.0"

mute-stream@~0.0.4:
  version "0.0.6"
  resolved "https://registry.yarnpkg.com/mute-stream/-/mute-stream-0.0.6.tgz#48962b19e169fd1dfc240b3f1e7317627bbc47db"

once@^1.3.0:
  version "1.4.0"
  resolved "https://registry.yarnpkg.com/once/-/once-1.4.0.tgz#583b1aa775961d4b113ac17d9c50baef9dd76bd1"
  dependencies:
    wrappy "1"

os-utils@0.0.14:
  version "0.0.14"
  resolved "https://registry.yarnpkg.com/os-utils/-/os-utils-0.0.14.tgz#29e511697b1982b8c627722175fe39797ef64156"

pidof@~1.0.2:
  version "1.0.2"
  resolved "https://registry.yarnpkg.com/pidof/-/pidof-1.0.2.tgz#fba0eae1c8335a11eb8099f5d0f3efbc45cb4e90"

read@~1.0.3:
  version "1.0.7"
  resolved "https://registry.yarnpkg.com/read/-/read-1.0.7.tgz#b3da19bd052431a97671d44a42634adf710b40c4"
  dependencies:
    mute-stream "~0.0.4"

read@1.0.5:
  version "1.0.5"
  resolved "https://registry.yarnpkg.com/read/-/read-1.0.5.tgz#007a3d169478aa710a491727e453effb92e76203"
  dependencies:
    mute-stream "~0.0.4"

safe-eval:
  version "0.3.0"
  resolved "https://registry.yarnpkg.com/safe-eval/-/safe-eval-0.3.0.tgz#06ce111eebd9c185abaff008ec0fcffc5c5be00c"

sudo@1.0.3:
  version "1.0.3"
  resolved "https://registry.yarnpkg.com/sudo/-/sudo-1.0.3.tgz#ccf28669120f8b74f82b846dff7f1c95120eff20"
  dependencies:
    inpath "~1.0.2"
    pidof "~1.0.2"
    read "~1.0.3"

wrappy@1:
  version "1.0.2"
  resolved "https://registry.yarnpkg.com/wrappy/-/wrappy-1.0.2.tgz#b5243d8f3ec1aa35f1364605bc0d1036e30ab69f"

